
Microsoft Visual Studio Solution File, Format Version 12.00
# Visual Studio Version 16
VisualStudioVersion = 16.0.29709.97
MinimumVisualStudioVersion = 10.0.40219.1
Project("{FAE04EC0-301F-11D3-BF4B-00C04F79EFBC}") = "moshIntermediate", "moshIntermediate\moshIntermediate.csproj", "{4DCD0B92-E845-4896-8BE4-F946DDAB90E5}"
EndProject
Project("{FAE04EC0-301F-11D3-BF4B-00C04F79EFBC}") = "Amazon", "Amazon\Amazon.csproj", "{5616B936-9818-4E53-AEE1-0F082F7AF510}"
EndProject
Global
	GlobalSection(SolutionConfigurationPlatforms) = preSolution
		Debug|Any CPU = Debug|Any CPU
		Release|Any CPU = Release|Any CPU
	EndGlobalSection
	GlobalSection(ProjectConfigurationPlatforms) = postSolution
		{4DCD0B92-E845-4896-8BE4-F946DDAB90E5}.Debug|Any CPU.ActiveCfg = Debug|Any CPU
		{4DCD0B92-E845-4896-8BE4-F946DDAB90E5}.Debug|Any CPU.Build.0 = Debug|Any CPU
		{4DCD0B92-E845-4896-8BE4-F946DDAB90E5}.Release|Any CPU.ActiveCfg = Release|Any CPU
		{4DCD0B92-E845-4896-8BE4-F946DDAB90E5}.Release|Any CPU.Build.0 = Release|Any CPU
		{5616B936-9818-4E53-AEE1-0F082F7AF510}.Debug|Any CPU.ActiveCfg = Debug|Any CPU
		{5616B936-9818-4E53-AEE1-0F082F7AF510}.Debug|Any CPU.Build.0 = Debug|Any CPU
		{5616B936-9818-4E53-AEE1-0F082F7AF510}.Release|Any CPU.ActiveCfg = Release|Any CPU
		{5616B936-9818-4E53-AEE1-0F082F7AF510}.Release|Any CPU.Build.0 = Release|Any CPU
	EndGlobalSection
	GlobalSection(SolutionProperties) = preSolution
		HideSolutionNode = FALSE
	EndGlobalSection
	GlobalSection(ExtensibilityGlobals) = postSolution
		SolutionGuid = {7D20CB9C-C96B-4F6C-A730-28571C5B3A47}
	EndGlobalSection
EndGlobal
